
Microsoft Visual Studio Solution File, Format Version 12.00
# Visual Studio 2012
Project("{FAE04EC0-301F-11D3-BF4B-00C04F79EFBC}") = "RVO", "src\RVO.csproj", "{9F596498-0857-40AA-A765-6DD3A75B415E}"
EndProject
Project("{FAE04EC0-301F-11D3-BF4B-00C04F79EFBC}") = "Blocks", "examples\Blocks.csproj", "{C7FD7591-D41C-4D59-9C58-A78AFCD6B46C}"
EndProject
Project("{FAE04EC0-301F-11D3-BF4B-00C04F79EFBC}") = "Circle", "examples\Circle.csproj", "{50D23289-DD51-481C-A3E1-49BADC6F414B}"
EndProject
Global
	GlobalSection(SolutionConfigurationPlatforms) = preSolution
		Debug|Any CPU = Debug|Any CPU
		Release|Any CPU = Release|Any CPU
	EndGlobalSection
	GlobalSection(ProjectConfigurationPlatforms) = postSolution
		{9F596498-0857-40AA-A765-6DD3A75B415E}.Debug|Any CPU.ActiveCfg = Debug|Any CPU
		{9F596498-0857-40AA-A765-6DD3A75B415E}.Debug|Any CPU.Build.0 = Debug|Any CPU
		{9F596498-0857-40AA-A765-6DD3A75B415E}.Release|Any CPU.ActiveCfg = Release|Any CPU
		{9F596498-0857-40AA-A765-6DD3A75B415E}.Release|Any CPU.Build.0 = Release|Any CPU
		{C7FD7591-D41C-4D59-9C58-A78AFCD6B46C}.Debug|Any CPU.ActiveCfg = Debug|Any CPU
		{C7FD7591-D41C-4D59-9C58-A78AFCD6B46C}.Debug|Any CPU.Build.0 = Debug|Any CPU
		{C7FD7591-D41C-4D59-9C58-A78AFCD6B46C}.Release|Any CPU.ActiveCfg = Release|Any CPU
		{C7FD7591-D41C-4D59-9C58-A78AFCD6B46C}.Release|Any CPU.Build.0 = Release|Any CPU
		{50D23289-DD51-481C-A3E1-49BADC6F414B}.Debug|Any CPU.ActiveCfg = Debug|Any CPU
		{50D23289-DD51-481C-A3E1-49BADC6F414B}.Debug|Any CPU.Build.0 = Debug|Any CPU
		{50D23289-DD51-481C-A3E1-49BADC6F414B}.Release|Any CPU.ActiveCfg = Release|Any CPU
		{50D23289-DD51-481C-A3E1-49BADC6F414B}.Release|Any CPU.Build.0 = Release|Any CPU
	EndGlobalSection
EndGlobal
