
Microsoft Visual Studio Solution File, Format Version 12.00
# Visual Studio Version 16
VisualStudioVersion = 16.0.30114.105
MinimumVisualStudioVersion = 10.0.40219.1
Project("{FAE04EC0-301F-11D3-BF4B-00C04F79EFBC}") = "RVOCS", "RVOCS\RVOCS.csproj", "{16285A26-6292-406E-9426-65BB5A017CB3}"
EndProject
Project("{FAE04EC0-301F-11D3-BF4B-00C04F79EFBC}") = "Blocks", "Blocks\Blocks.csproj", "{10EAB31F-A2BC-4A12-9789-FD2646B1EB0A}"
EndProject
Project("{FAE04EC0-301F-11D3-BF4B-00C04F79EFBC}") = "Circle", "Circle\Circle.csproj", "{3F41A6E2-0894-4A65-8026-3EF310187663}"
EndProject
Global
	GlobalSection(SolutionConfigurationPlatforms) = preSolution
		Debug|Any CPU = Debug|Any CPU
		Release|Any CPU = Release|Any CPU
	EndGlobalSection
	GlobalSection(SolutionProperties) = preSolution
		HideSolutionNode = FALSE
	EndGlobalSection
	GlobalSection(ProjectConfigurationPlatforms) = postSolution
		{16285A26-6292-406E-9426-65BB5A017CB3}.Debug|Any CPU.ActiveCfg = Debug|Any CPU
		{16285A26-6292-406E-9426-65BB5A017CB3}.Debug|Any CPU.Build.0 = Debug|Any CPU
		{16285A26-6292-406E-9426-65BB5A017CB3}.Release|Any CPU.ActiveCfg = Release|Any CPU
		{16285A26-6292-406E-9426-65BB5A017CB3}.Release|Any CPU.Build.0 = Release|Any CPU
		{10EAB31F-A2BC-4A12-9789-FD2646B1EB0A}.Debug|Any CPU.ActiveCfg = Debug|Any CPU
		{10EAB31F-A2BC-4A12-9789-FD2646B1EB0A}.Debug|Any CPU.Build.0 = Debug|Any CPU
		{10EAB31F-A2BC-4A12-9789-FD2646B1EB0A}.Release|Any CPU.ActiveCfg = Release|Any CPU
		{10EAB31F-A2BC-4A12-9789-FD2646B1EB0A}.Release|Any CPU.Build.0 = Release|Any CPU
		{3F41A6E2-0894-4A65-8026-3EF310187663}.Debug|Any CPU.ActiveCfg = Debug|Any CPU
		{3F41A6E2-0894-4A65-8026-3EF310187663}.Debug|Any CPU.Build.0 = Debug|Any CPU
		{3F41A6E2-0894-4A65-8026-3EF310187663}.Release|Any CPU.ActiveCfg = Release|Any CPU
		{3F41A6E2-0894-4A65-8026-3EF310187663}.Release|Any CPU.Build.0 = Release|Any CPU
	EndGlobalSection
EndGlobal
